
Microsoft Visual Studio Solution File, Format Version 12.00
# Visual Studio Version 17
VisualStudioVersion = 17.0.31903.59
MinimumVisualStudioVersion = 10.0.40219.1
Project("{FAE04EC0-301F-11D3-BF4B-00C04F79EFBC}") = "Clingies.App", "Clingies.App\Clingies.App.csproj", "{7911F837-6303-43C2-81AB-325C37084CA8}"
EndProject
Project("{FAE04EC0-301F-11D3-BF4B-00C04F79EFBC}") = "Clingies.Application", "Clingies.Application\Clingies.Application.csproj", "{705A6D57-4BF9-45AE-BE33-16133D830EB9}"
EndProject
Project("{FAE04EC0-301F-11D3-BF4B-00C04F79EFBC}") = "Clingies.Domain", "Clingies.Domain\Clingies.Domain.csproj", "{272A7959-9D6B-4F4F-914E-9756EDF05A36}"
EndProject
Project("{FAE04EC0-301F-11D3-BF4B-00C04F79EFBC}") = "Clingies.Infrastructure", "Clingies.Infrastructure\Clingies.Infrastructure.csproj", "{4DF873B8-CA69-4DAA-852B-F1FA2E7472D8}"
EndProject
Project("{FAE04EC0-301F-11D3-BF4B-00C04F79EFBC}") = "Clingies.Tests", "Clingies.Tests\Clingies.Tests.csproj", "{DB05787D-D850-45D6-BE08-9ADD05F91427}"
EndProject
Project("{FAE04EC0-301F-11D3-BF4B-00C04F79EFBC}") = "Clingies.Common", "Clingies.Common\Clingies.Common.csproj", "{07A21FE4-EDA2-41C2-979F-53D76A0CD89C}"
EndProject
Global
	GlobalSection(SolutionConfigurationPlatforms) = preSolution
		Debug|Any CPU = Debug|Any CPU
		Release|Any CPU = Release|Any CPU
	EndGlobalSection
	GlobalSection(SolutionProperties) = preSolution
		HideSolutionNode = FALSE
	EndGlobalSection
	GlobalSection(ProjectConfigurationPlatforms) = postSolution
		{7911F837-6303-43C2-81AB-325C37084CA8}.Debug|Any CPU.ActiveCfg = Debug|Any CPU
		{7911F837-6303-43C2-81AB-325C37084CA8}.Debug|Any CPU.Build.0 = Debug|Any CPU
		{7911F837-6303-43C2-81AB-325C37084CA8}.Release|Any CPU.ActiveCfg = Release|Any CPU
		{7911F837-6303-43C2-81AB-325C37084CA8}.Release|Any CPU.Build.0 = Release|Any CPU
		{705A6D57-4BF9-45AE-BE33-16133D830EB9}.Debug|Any CPU.ActiveCfg = Debug|Any CPU
		{705A6D57-4BF9-45AE-BE33-16133D830EB9}.Debug|Any CPU.Build.0 = Debug|Any CPU
		{705A6D57-4BF9-45AE-BE33-16133D830EB9}.Release|Any CPU.ActiveCfg = Release|Any CPU
		{705A6D57-4BF9-45AE-BE33-16133D830EB9}.Release|Any CPU.Build.0 = Release|Any CPU
		{272A7959-9D6B-4F4F-914E-9756EDF05A36}.Debug|Any CPU.ActiveCfg = Debug|Any CPU
		{272A7959-9D6B-4F4F-914E-9756EDF05A36}.Debug|Any CPU.Build.0 = Debug|Any CPU
		{272A7959-9D6B-4F4F-914E-9756EDF05A36}.Release|Any CPU.ActiveCfg = Release|Any CPU
		{272A7959-9D6B-4F4F-914E-9756EDF05A36}.Release|Any CPU.Build.0 = Release|Any CPU
		{4DF873B8-CA69-4DAA-852B-F1FA2E7472D8}.Debug|Any CPU.ActiveCfg = Debug|Any CPU
		{4DF873B8-CA69-4DAA-852B-F1FA2E7472D8}.Debug|Any CPU.Build.0 = Debug|Any CPU
		{4DF873B8-CA69-4DAA-852B-F1FA2E7472D8}.Release|Any CPU.ActiveCfg = Release|Any CPU
		{4DF873B8-CA69-4DAA-852B-F1FA2E7472D8}.Release|Any CPU.Build.0 = Release|Any CPU
		{DB05787D-D850-45D6-BE08-9ADD05F91427}.Debug|Any CPU.ActiveCfg = Debug|Any CPU
		{DB05787D-D850-45D6-BE08-9ADD05F91427}.Debug|Any CPU.Build.0 = Debug|Any CPU
		{DB05787D-D850-45D6-BE08-9ADD05F91427}.Release|Any CPU.ActiveCfg = Release|Any CPU
		{DB05787D-D850-45D6-BE08-9ADD05F91427}.Release|Any CPU.Build.0 = Release|Any CPU
		{07A21FE4-EDA2-41C2-979F-53D76A0CD89C}.Debug|Any CPU.ActiveCfg = Debug|Any CPU
		{07A21FE4-EDA2-41C2-979F-53D76A0CD89C}.Debug|Any CPU.Build.0 = Debug|Any CPU
		{07A21FE4-EDA2-41C2-979F-53D76A0CD89C}.Release|Any CPU.ActiveCfg = Release|Any CPU
		{07A21FE4-EDA2-41C2-979F-53D76A0CD89C}.Release|Any CPU.Build.0 = Release|Any CPU
	EndGlobalSection
EndGlobal
